{
  "name": "sportplaces",
  "version": "1.0.0",
  "lockfileVersion": 1,
  "requires": true,
  "dependencies": {
    "@springboard/core": {
      "version": "0.11.0",
      "resolved": "http://nexus.osiris.withoxylane.com/repository/managedNpm/@springboard/core/-/core-0.11.0.tgz",
      "integrity": "sha512-OiPnpL5J+AZEyyML5/MNgWC4ihi06hMMWYEJkDKBzo3bRrzB8BFOUxiCszVe0TKon0s0CBD3YYJt/6IV2uSD5w==",
      "requires": {
        "chai-things": "^0.2.0",
        "moment": "^2.22.2",
        "world-countries": "^2.0.0"
      }
    },
    "chai-things": {
      "version": "0.2.0",
      "resolved": "https://registry.npmjs.org/chai-things/-/chai-things-0.2.0.tgz",
      "integrity": "sha1-xVEoN4+bs5nplPAAUhUZhO1uvnA="
    },
    "moment": {
      "version": "2.24.0",
      "resolved": "https://registry.npmjs.org/moment/-/moment-2.24.0.tgz",
      "integrity": "sha512-bV7f+6l2QigeBBZSM/6yTNq4P2fNpSWj/0e7jQcy87A8e7o2nAfP/34/2ky5Vw4B9S446EtIhodAzkFCcR4dQg=="
    },
    "vant-weapp": {
      "version": "0.5.3",
      "resolved": "https://registry.npmjs.org/vant-weapp/-/vant-weapp-0.5.3.tgz",
      "integrity": "sha512-5h7m9g8+Mx9DG0n2qThjYVnduA8dNdO6Qp5VXN5+9gPuHJzOl4bhpvbir2vRDVzT0JRolqBZ1npC2W/B1AGkPQ=="
    },
    "world-countries": {
      "version": "2.1.0",
      "resolved": "https://registry.npmjs.org/world-countries/-/world-countries-2.1.0.tgz",
      "integrity": "sha512-g8DRgoH7UJiF5L0xjj+RP/GFH4fOVlD3J5CxkJ+PZYH1PNl0i5JrstBOX53Ub8ObTZ6lCx0V7nIA8BuCvxMoSg=="
    }
  }
}
